
Microsoft Visual Studio Solution File, Format Version 12.00
# Visual Studio Version 17
VisualStudioVersion = 17.10.35027.167
MinimumVisualStudioVersion = 10.0.40219.1
Project("{FAE04EC0-301F-11D3-BF4B-00C04F79EFBC}") = "Section_01", "Section_01\Section_01.csproj", "{883F537A-CD61-4B42-89FD-3A8A9B242F37}"
EndProject
Project("{FAE04EC0-301F-11D3-BF4B-00C04F79EFBC}") = "Section_02", "Section_02\Section_02.csproj", "{CE6E05AF-8C0C-44C3-AC80-008E6DD6F8D1}"
EndProject
Project("{FAE04EC0-301F-11D3-BF4B-00C04F79EFBC}") = "Section_03", "Section_03\Section_03.csproj", "{14EA1535-B70E-46F4-84FD-CBF64EB4B38D}"
EndProject
Global
	GlobalSection(SolutionConfigurationPlatforms) = preSolution
		Debug|Any CPU = Debug|Any CPU
		Release|Any CPU = Release|Any CPU
	EndGlobalSection
	GlobalSection(ProjectConfigurationPlatforms) = postSolution
		{883F537A-CD61-4B42-89FD-3A8A9B242F37}.Debug|Any CPU.ActiveCfg = Debug|Any CPU
		{883F537A-CD61-4B42-89FD-3A8A9B242F37}.Debug|Any CPU.Build.0 = Debug|Any CPU
		{883F537A-CD61-4B42-89FD-3A8A9B242F37}.Release|Any CPU.ActiveCfg = Release|Any CPU
		{883F537A-CD61-4B42-89FD-3A8A9B242F37}.Release|Any CPU.Build.0 = Release|Any CPU
		{CE6E05AF-8C0C-44C3-AC80-008E6DD6F8D1}.Debug|Any CPU.ActiveCfg = Debug|Any CPU
		{CE6E05AF-8C0C-44C3-AC80-008E6DD6F8D1}.Debug|Any CPU.Build.0 = Debug|Any CPU
		{CE6E05AF-8C0C-44C3-AC80-008E6DD6F8D1}.Release|Any CPU.ActiveCfg = Release|Any CPU
		{CE6E05AF-8C0C-44C3-AC80-008E6DD6F8D1}.Release|Any CPU.Build.0 = Release|Any CPU
		{14EA1535-B70E-46F4-84FD-CBF64EB4B38D}.Debug|Any CPU.ActiveCfg = Debug|Any CPU
		{14EA1535-B70E-46F4-84FD-CBF64EB4B38D}.Debug|Any CPU.Build.0 = Debug|Any CPU
		{14EA1535-B70E-46F4-84FD-CBF64EB4B38D}.Release|Any CPU.ActiveCfg = Release|Any CPU
		{14EA1535-B70E-46F4-84FD-CBF64EB4B38D}.Release|Any CPU.Build.0 = Release|Any CPU
	EndGlobalSection
	GlobalSection(SolutionProperties) = preSolution
		HideSolutionNode = FALSE
	EndGlobalSection
	GlobalSection(ExtensibilityGlobals) = postSolution
		SolutionGuid = {40046984-8E2F-4413-8C9F-BF4342F422A5}
	EndGlobalSection
EndGlobal
